
Microsoft Visual Studio Solution File, Format Version 12.00
# Visual Studio 15
VisualStudioVersion = 15.0.28010.2046
MinimumVisualStudioVersion = 10.0.40219.1
Project("{FAE04EC0-301F-11D3-BF4B-00C04F79EFBC}") = "Task6", "Task6\Task6.csproj", "{DF582F90-FD55-45DE-9EF7-BFCFF152FB65}"
EndProject
Global
	GlobalSection(SolutionConfigurationPlatforms) = preSolution
		Debug|Any CPU = Debug|Any CPU
		Release|Any CPU = Release|Any CPU
	EndGlobalSection
	GlobalSection(ProjectConfigurationPlatforms) = postSolution
		{DF582F90-FD55-45DE-9EF7-BFCFF152FB65}.Debug|Any CPU.ActiveCfg = Debug|Any CPU
		{DF582F90-FD55-45DE-9EF7-BFCFF152FB65}.Debug|Any CPU.Build.0 = Debug|Any CPU
		{DF582F90-FD55-45DE-9EF7-BFCFF152FB65}.Release|Any CPU.ActiveCfg = Release|Any CPU
		{DF582F90-FD55-45DE-9EF7-BFCFF152FB65}.Release|Any CPU.Build.0 = Release|Any CPU
	EndGlobalSection
	GlobalSection(SolutionProperties) = preSolution
		HideSolutionNode = FALSE
	EndGlobalSection
	GlobalSection(ExtensibilityGlobals) = postSolution
		SolutionGuid = {63851E5F-750D-4EC6-9AE6-97CEA61D7703}
	EndGlobalSection
EndGlobal
